
Microsoft Visual Studio Solution File, Format Version 12.00
# Visual Studio Version 16
VisualStudioVersion = 16.0.28803.452
MinimumVisualStudioVersion = 10.0.40219.1
Project("{9A19103F-16F7-4668-BE54-9A1E7A4F7556}") = "Microsoft.CognitiveServices.Inventory.Web", "Inventory.Web\Microsoft.CognitiveServices.Inventory.Web.csproj", "{29DE9A22-D999-49CF-8869-5AC58158F9A6}"
EndProject
Global
	GlobalSection(SolutionConfigurationPlatforms) = preSolution
		Debug|Any CPU = Debug|Any CPU
		Release|Any CPU = Release|Any CPU
	EndGlobalSection
	GlobalSection(ProjectConfigurationPlatforms) = postSolution
		{29DE9A22-D999-49CF-8869-5AC58158F9A6}.Debug|Any CPU.ActiveCfg = Debug|Any CPU
		{29DE9A22-D999-49CF-8869-5AC58158F9A6}.Debug|Any CPU.Build.0 = Debug|Any CPU
		{29DE9A22-D999-49CF-8869-5AC58158F9A6}.Release|Any CPU.ActiveCfg = Release|Any CPU
		{29DE9A22-D999-49CF-8869-5AC58158F9A6}.Release|Any CPU.Build.0 = Release|Any CPU
	EndGlobalSection
	GlobalSection(SolutionProperties) = preSolution
		HideSolutionNode = FALSE
	EndGlobalSection
	GlobalSection(ExtensibilityGlobals) = postSolution
		SolutionGuid = {A6AA4667-C430-4DB5-A9D7-DC88C9C6E795}
	EndGlobalSection
EndGlobal
