
Microsoft Visual Studio Solution File, Format Version 12.00
# Visual Studio Version 16
VisualStudioVersion = 16.0.29418.71
MinimumVisualStudioVersion = 10.0.40219.1
Project("{9A19103F-16F7-4668-BE54-9A1E7A4F7556}") = "Microsoft.CognitiveServices.Inventory", "Microsoft.CognitiveServices.Inventory\Microsoft.CognitiveServices.Inventory.csproj", "{251E7764-689B-487B-92A0-1C8683543A49}"
EndProject
Project("{FAE04EC0-301F-11D3-BF4B-00C04F79EFBC}") = "Microsoft.CognitiveServices.Inventory.UWP", "Microsoft.CognitiveServices.Inventory.UWP\Microsoft.CognitiveServices.Inventory.UWP.csproj", "{30C5D3BA-48B7-4C6B-96D5-171F39DDE0F5}"
EndProject
Global
	GlobalSection(SolutionConfigurationPlatforms) = preSolution
		Debug|Any CPU = Debug|Any CPU
		Debug|ARM = Debug|ARM
		Debug|x64 = Debug|x64
		Debug|x86 = Debug|x86
		Release|Any CPU = Release|Any CPU
		Release|ARM = Release|ARM
		Release|x64 = Release|x64
		Release|x86 = Release|x86
	EndGlobalSection
	GlobalSection(ProjectConfigurationPlatforms) = postSolution
		{251E7764-689B-487B-92A0-1C8683543A49}.Debug|Any CPU.ActiveCfg = Debug|Any CPU
		{251E7764-689B-487B-92A0-1C8683543A49}.Debug|Any CPU.Build.0 = Debug|Any CPU
		{251E7764-689B-487B-92A0-1C8683543A49}.Debug|ARM.ActiveCfg = Debug|Any CPU
		{251E7764-689B-487B-92A0-1C8683543A49}.Debug|ARM.Build.0 = Debug|Any CPU
		{251E7764-689B-487B-92A0-1C8683543A49}.Debug|x64.ActiveCfg = Debug|Any CPU
		{251E7764-689B-487B-92A0-1C8683543A49}.Debug|x64.Build.0 = Debug|Any CPU
		{251E7764-689B-487B-92A0-1C8683543A49}.Debug|x86.ActiveCfg = Debug|Any CPU
		{251E7764-689B-487B-92A0-1C8683543A49}.Debug|x86.Build.0 = Debug|Any CPU
		{251E7764-689B-487B-92A0-1C8683543A49}.Release|Any CPU.ActiveCfg = Release|Any CPU
		{251E7764-689B-487B-92A0-1C8683543A49}.Release|Any CPU.Build.0 = Release|Any CPU
		{251E7764-689B-487B-92A0-1C8683543A49}.Release|ARM.ActiveCfg = Release|Any CPU
		{251E7764-689B-487B-92A0-1C8683543A49}.Release|ARM.Build.0 = Release|Any CPU
		{251E7764-689B-487B-92A0-1C8683543A49}.Release|x64.ActiveCfg = Release|Any CPU
		{251E7764-689B-487B-92A0-1C8683543A49}.Release|x64.Build.0 = Release|Any CPU
		{251E7764-689B-487B-92A0-1C8683543A49}.Release|x86.ActiveCfg = Release|Any CPU
		{251E7764-689B-487B-92A0-1C8683543A49}.Release|x86.Build.0 = Release|Any CPU
		{30C5D3BA-48B7-4C6B-96D5-171F39DDE0F5}.Debug|Any CPU.ActiveCfg = Debug|x86
		{30C5D3BA-48B7-4C6B-96D5-171F39DDE0F5}.Debug|Any CPU.Build.0 = Debug|x86
		{30C5D3BA-48B7-4C6B-96D5-171F39DDE0F5}.Debug|Any CPU.Deploy.0 = Debug|x86
		{30C5D3BA-48B7-4C6B-96D5-171F39DDE0F5}.Debug|ARM.ActiveCfg = Debug|ARM
		{30C5D3BA-48B7-4C6B-96D5-171F39DDE0F5}.Debug|ARM.Build.0 = Debug|ARM
		{30C5D3BA-48B7-4C6B-96D5-171F39DDE0F5}.Debug|ARM.Deploy.0 = Debug|ARM
		{30C5D3BA-48B7-4C6B-96D5-171F39DDE0F5}.Debug|x64.ActiveCfg = Debug|x64
		{30C5D3BA-48B7-4C6B-96D5-171F39DDE0F5}.Debug|x64.Build.0 = Debug|x64
		{30C5D3BA-48B7-4C6B-96D5-171F39DDE0F5}.Debug|x64.Deploy.0 = Debug|x64
		{30C5D3BA-48B7-4C6B-96D5-171F39DDE0F5}.Debug|x86.ActiveCfg = Debug|x86
		{30C5D3BA-48B7-4C6B-96D5-171F39DDE0F5}.Debug|x86.Build.0 = Debug|x86
		{30C5D3BA-48B7-4C6B-96D5-171F39DDE0F5}.Debug|x86.Deploy.0 = Debug|x86
		{30C5D3BA-48B7-4C6B-96D5-171F39DDE0F5}.Release|Any CPU.ActiveCfg = Release|x86
		{30C5D3BA-48B7-4C6B-96D5-171F39DDE0F5}.Release|ARM.ActiveCfg = Release|ARM
		{30C5D3BA-48B7-4C6B-96D5-171F39DDE0F5}.Release|ARM.Build.0 = Release|ARM
		{30C5D3BA-48B7-4C6B-96D5-171F39DDE0F5}.Release|ARM.Deploy.0 = Release|ARM
		{30C5D3BA-48B7-4C6B-96D5-171F39DDE0F5}.Release|x64.ActiveCfg = Release|x64
		{30C5D3BA-48B7-4C6B-96D5-171F39DDE0F5}.Release|x64.Build.0 = Release|x64
		{30C5D3BA-48B7-4C6B-96D5-171F39DDE0F5}.Release|x64.Deploy.0 = Release|x64
		{30C5D3BA-48B7-4C6B-96D5-171F39DDE0F5}.Release|x86.ActiveCfg = Release|x86
		{30C5D3BA-48B7-4C6B-96D5-171F39DDE0F5}.Release|x86.Build.0 = Release|x86
		{30C5D3BA-48B7-4C6B-96D5-171F39DDE0F5}.Release|x86.Deploy.0 = Release|x86
	EndGlobalSection
	GlobalSection(SolutionProperties) = preSolution
		HideSolutionNode = FALSE
	EndGlobalSection
	GlobalSection(ExtensibilityGlobals) = postSolution
		SolutionGuid = {CFF7CEC0-0A6C-453B-8433-B94B0C011DC5}
	EndGlobalSection
EndGlobal
